// !$*UTF8*$!
{
	archiveVersion = 1;
	classes = {
	};
	objectVersion = 55;
	objects = {

/* Begin PBXBuildFile section */
		549F766C8B3E4E45D0FC9BE7 /* Pods_TestSqlDatabase.framework in Frameworks */ = {isa = PBXBuildFile; fileRef = AD340C6AB558B378072D7737 /* Pods_TestSqlDatabase.framework */; };
		CE3AE677286DD29F007EC0F0 /* TestSqlDatabaseApp.swift in Sources */ = {isa = PBXBuildFile; fileRef = CE3AE676286DD29F007EC0F0 /* TestSqlDatabaseApp.swift */; };
		CE3AE679286DD29F007EC0F0 /* ContentView.swift in Sources */ = {isa = PBXBuildFile; fileRef = CE3AE678286DD29F007EC0F0 /* ContentView.swift */; };
		CE3AE67B286DD2A6007EC0F0 /* Assets.xcassets in Resources */ = {isa = PBXBuildFile; fileRef = CE3AE67A286DD2A6007EC0F0 /* Assets.xcassets */; };
		CE3AE67E286DD2A6007EC0F0 /* Preview Assets.xcassets in Resources */ = {isa = PBXBuildFile; fileRef = CE3AE67D286DD2A6007EC0F0 /* Preview Assets.xcassets */; };
		CE7F29E0286DD54300404CDA /* DBManager.swift in Sources */ = {isa = PBXBuildFile; fileRef = CE7F29DF286DD54300404CDA /* DBManager.swift */; };
		CE7F29E2286DD80100404CDA /* UserModel.swift in Sources */ = {isa = PBXBuildFile; fileRef = CE7F29E1286DD80100404CDA /* UserModel.swift */; };
		CE7F29E4286DE61900404CDA /* AddNoteView.swift in Sources */ = {isa = PBXBuildFile; fileRef = CE7F29E3286DE61900404CDA /* AddNoteView.swift */; };
		CE7F29EC286DF1CB00404CDA /* EditNoteView.swift in Sources */ = {isa = PBXBuildFile; fileRef = CE7F29EB286DF1CB00404CDA /* EditNoteView.swift */; };
/* End PBXBuildFile section */

/* Begin PBXFileReference section */
		4E606E3EAA0E7CEE5E2D5B87 /* Pods-TestSqlDatabase.debug.xcconfig */ = {isa = PBXFileReference; includeInIndex = 1; lastKnownFileType = text.xcconfig; name = "Pods-TestSqlDatabase.debug.xcconfig"; path = "Target Support Files/Pods-TestSqlDatabase/Pods-TestSqlDatabase.debug.xcconfig"; sourceTree = "<group>"; };
		4FC20E283916D044CE74FE79 /* Pods-TestSqlDatabase.release.xcconfig */ = {isa = PBXFileReference; includeInIndex = 1; lastKnownFileType = text.xcconfig; name = "Pods-TestSqlDatabase.release.xcconfig"; path = "Target Support Files/Pods-TestSqlDatabase/Pods-TestSqlDatabase.release.xcconfig"; sourceTree = "<group>"; };
		AD340C6AB558B378072D7737 /* Pods_TestSqlDatabase.framework */ = {isa = PBXFileReference; explicitFileType = wrapper.framework; includeInIndex = 0; path = Pods_TestSqlDatabase.framework; sourceTree = BUILT_PRODUCTS_DIR; };
		CE3AE673286DD29F007EC0F0 /* TestSqlDatabase.app */ = {isa = PBXFileReference; explicitFileType = wrapper.application; includeInIndex = 0; path = TestSqlDatabase.app; sourceTree = BUILT_PRODUCTS_DIR; };
		CE3AE676286DD29F007EC0F0 /* TestSqlDatabaseApp.swift */ = {isa = PBXFileReference; lastKnownFileType = sourcecode.swift; path = TestSqlDatabaseApp.swift; sourceTree = "<group>"; };
		CE3AE678286DD29F007EC0F0 /* ContentView.swift */ = {isa = PBXFileReference; lastKnownFileType = sourcecode.swift; path = ContentView.swift; sourceTree = "<group>"; };
		CE3AE67A286DD2A6007EC0F0 /* Assets.xcassets */ = {isa = PBXFileReference; lastKnownFileType = folder.assetcatalog; path = Assets.xcassets; sourceTree = "<group>"; };
		CE3AE67D286DD2A6007EC0F0 /* Preview Assets.xcassets */ = {isa = PBXFileReference; lastKnownFileType = folder.assetcatalog; path = "Preview Assets.xcassets"; sourceTree = "<group>"; };
		CE7F29DF286DD54300404CDA /* DBManager.swift */ = {isa = PBXFileReference; lastKnownFileType = sourcecode.swift; path = DBManager.swift; sourceTree = "<group>"; };
		CE7F29E1286DD80100404CDA /* UserModel.swift */ = {isa = PBXFileReference; lastKnownFileType = sourcecode.swift; path = UserModel.swift; sourceTree = "<group>"; };
		CE7F29E3286DE61900404CDA /* AddNoteView.swift */ = {isa = PBXFileReference; lastKnownFileType = sourcecode.swift; path = AddNoteView.swift; sourceTree = "<group>"; };
		CE7F29EB286DF1CB00404CDA /* EditNoteView.swift */ = {isa = PBXFileReference; lastKnownFileType = sourcecode.swift; path = EditNoteView.swift; sourceTree = "<group>"; };
/* End PBXFileReference section */

/* Begin PBXFrameworksBuildPhase section */
		CE3AE670286DD29F007EC0F0 /* Frameworks */ = {
			isa = PBXFrameworksBuildPhase;
			buildActionMask = 2147483647;
			files = (
				549F766C8B3E4E45D0FC9BE7 /* Pods_TestSqlDatabase.framework in Frameworks */,
			);
			runOnlyForDeploymentPostprocessing = 0;
		};
/* End PBXFrameworksBuildPhase section */

/* Begin PBXGroup section */
		7D960E166E455FACFEF3D06F /* Pods */ = {
			isa = PBXGroup;
			children = (
				4E606E3EAA0E7CEE5E2D5B87 /* Pods-TestSqlDatabase.debug.xcconfig */,
				4FC20E283916D044CE74FE79 /* Pods-TestSqlDatabase.release.xcconfig */,
			);
			path = Pods;
			sourceTree = "<group>";
		};
		9D7DAD1AC38F9A2E34332D2C /* Frameworks */ = {
			isa = PBXGroup;
			children = (
				AD340C6AB558B378072D7737 /* Pods_TestSqlDatabase.framework */,
			);
			name = Frameworks;
			sourceTree = "<group>";
		};
		CE3AE66A286DD29F007EC0F0 = {
			isa = PBXGroup;
			children = (
				CE3AE675286DD29F007EC0F0 /* TestSqlDatabase */,
				CE3AE674286DD29F007EC0F0 /* Products */,
				7D960E166E455FACFEF3D06F /* Pods */,
				9D7DAD1AC38F9A2E34332D2C /* Frameworks */,
			);
			sourceTree = "<group>";
		};
		CE3AE674286DD29F007EC0F0 /* Products */ = {
			isa = PBXGroup;
			children = (
				CE3AE673286DD29F007EC0F0 /* TestSqlDatabase.app */,
			);
			name = Products;
			sourceTree = "<group>";
		};
		CE3AE675286DD29F007EC0F0 /* TestSqlDatabase */ = {
			isa = PBXGroup;
			children = (
				CE3AE676286DD29F007EC0F0 /* TestSqlDatabaseApp.swift */,
				CE3AE678286DD29F007EC0F0 /* ContentView.swift */,
				CE7F29EB286DF1CB00404CDA /* EditNoteView.swift */,
				CE7F29E3286DE61900404CDA /* AddNoteView.swift */,
				CE7F29DF286DD54300404CDA /* DBManager.swift */,
				CE7F29E1286DD80100404CDA /* UserModel.swift */,
				CE3AE67A286DD2A6007EC0F0 /* Assets.xcassets */,
				CE3AE67C286DD2A6007EC0F0 /* Preview Content */,
			);
			path = TestSqlDatabase;
			sourceTree = "<group>";
		};
		CE3AE67C286DD2A6007EC0F0 /* Preview Content */ = {
			isa = PBXGroup;
			children = (
				CE3AE67D286DD2A6007EC0F0 /* Preview Assets.xcassets */,
			);
			path = "Preview Content";
			sourceTree = "<group>";
		};
/* End PBXGroup section */

/* Begin PBXNativeTarget section */
		CE3AE672286DD29F007EC0F0 /* TestSqlDatabase */ = {
			isa = PBXNativeTarget;
			buildConfigurationList = CE3AE681286DD2A6007EC0F0 /* Build configuration list for PBXNativeTarget "TestSqlDatabase" */;
			buildPhases = (
				D101C4AD43CDF969B3C50B1C /* [CP] Check Pods Manifest.lock */,
				CE3AE66F286DD29F007EC0F0 /* Sources */,
				CE3AE670286DD29F007EC0F0 /* Frameworks */,
				CE3AE671286DD29F007EC0F0 /* Resources */,
				76AEEEF6515EAA259FE3B11C /* [CP] Embed Pods Frameworks */,
			);
			buildRules = (
			);
			dependencies = (
			);
			name = TestSqlDatabase;
			productName = TestSqlDatabase;
			productReference = CE3AE673286DD29F007EC0F0 /* TestSqlDatabase.app */;
			productType = "com.apple.product-type.application";
		};
/* End PBXNativeTarget section */

/* Begin PBXProject section */
		CE3AE66B286DD29F007EC0F0 /* Project object */ = {
			isa = PBXProject;
			attributes = {
				BuildIndependentTargetsInParallel = 1;
				LastSwiftUpdateCheck = 1340;
				LastUpgradeCheck = 1340;
				TargetAttributes = {
					CE3AE672286DD29F007EC0F0 = {
						CreatedOnToolsVersion = 13.4;
					};
				};
			};
			buildConfigurationList = CE3AE66E286DD29F007EC0F0 /* Build configuration list for PBXProject "TestSqlDatabase" */;
			compatibilityVersion = "Xcode 13.0";
			developmentRegion = en;
			hasScannedForEncodings = 0;
			knownRegions = (
				en,
				Base,
			);
			mainGroup = CE3AE66A286DD29F007EC0F0;
			productRefGroup = CE3AE674286DD29F007EC0F0 /* Products */;
			projectDirPath = "";
			projectRoot = "";
			targets = (
				CE3AE672286DD29F007EC0F0 /* TestSqlDatabase */,
			);
		};
/* End PBXProject section */

/* Begin PBXResourcesBuildPhase section */
		CE3AE671286DD29F007EC0F0 /* Resources */ = {
			isa = PBXResourcesBuildPhase;
			buildActionMask = 2147483647;
			files = (
				CE3AE67E286DD2A6007EC0F0 /* Preview Assets.xcassets in Resources */,
				CE3AE67B286DD2A6007EC0F0 /* Assets.xcassets in Resources */,
			);
			runOnlyForDeploymentPostprocessing = 0;
		};
/* End PBXResourcesBuildPhase section */

/* Begin PBXShellScriptBuildPhase section */
		76AEEEF6515EAA259FE3B11C /* [CP] Embed Pods Frameworks */ = {
			isa = PBXShellScriptBuildPhase;
			buildActionMask = 2147483647;
			files = (
			);
			inputFileListPaths = (
				"${PODS_ROOT}/Target Support Files/Pods-TestSqlDatabase/Pods-TestSqlDatabase-frameworks-${CONFIGURATION}-input-files.xcfilelist",
			);
			name = "[CP] Embed Pods Frameworks";
			outputFileListPaths = (
				"${PODS_ROOT}/Target Support Files/Pods-TestSqlDatabase/Pods-TestSqlDatabase-frameworks-${CONFIGURATION}-output-files.xcfilelist",
			);
			runOnlyForDeploymentPostprocessing = 0;
			shellPath = /bin/sh;
			shellScript = "\"${PODS_ROOT}/Target Support Files/Pods-TestSqlDatabase/Pods-TestSqlDatabase-frameworks.sh\"\n";
			showEnvVarsInLog = 0;
		};
		D101C4AD43CDF969B3C50B1C /* [CP] Check Pods Manifest.lock */ = {
			isa = PBXShellScriptBuildPhase;
			buildActionMask = 2147483647;
			files = (
			);
			inputFileListPaths = (
			);
			inputPaths = (
				"${PODS_PODFILE_DIR_PATH}/Podfile.lock",
				"${PODS_ROOT}/Manifest.lock",
			);
			name = "[CP] Check Pods Manifest.lock";
			outputFileListPaths = (
			);
			outputPaths = (
				"$(DERIVED_FILE_DIR)/Pods-TestSqlDatabase-checkManifestLockResult.txt",
			);
			runOnlyForDeploymentPostprocessing = 0;
			shellPath = /bin/sh;
			shellScript = "diff \"${PODS_PODFILE_DIR_PATH}/Podfile.lock\" \"${PODS_ROOT}/Manifest.lock\" > /dev/null\nif [ $? != 0 ] ; then\n    # print error to STDERR\n    echo \"error: The sandbox is not in sync with the Podfile.lock. Run 'pod install' or update your CocoaPods installation.\" >&2\n    exit 1\nfi\n# This output is used by Xcode 'outputs' to avoid re-running this script phase.\necho \"SUCCESS\" > \"${SCRIPT_OUTPUT_FILE_0}\"\n";
			showEnvVarsInLog = 0;
		};
/* End PBXShellScriptBuildPhase section */

/* Begin PBXSourcesBuildPhase section */
		CE3AE66F286DD29F007EC0F0 /* Sources */ = {
			isa = PBXSourcesBuildPhase;
			buildActionMask = 2147483647;
			files = (
				CE3AE679286DD29F007EC0F0 /* ContentView.swift in Sources */,
				CE7F29E0286DD54300404CDA /* DBManager.swift in Sources */,
				CE7F29E2286DD80100404CDA /* UserModel.swift in Sources */,
				CE3AE677286DD29F007EC0F0 /* TestSqlDatabaseApp.swift in Sources */,
				CE7F29EC286DF1CB00404CDA /* EditNoteView.swift in Sources */,
				CE7F29E4286DE61900404CDA /* AddNoteView.swift in Sources */,
			);
			runOnlyForDeploymentPostprocessing = 0;
		};
/* End PBXSourcesBuildPhase section */

/* Begin XCBuildConfiguration section */
		CE3AE67F286DD2A6007EC0F0 /* Debug */ = {
			isa = XCBuildConfiguration;
			buildSettings = {
				ALWAYS_SEARCH_USER_PATHS = NO;
				CLANG_ANALYZER_NONNULL = YES;
				CLANG_ANALYZER_NUMBER_OBJECT_CONVERSION = YES_AGGRESSIVE;
				CLANG_CXX_LANGUAGE_STANDARD = "gnu++17";
				CLANG_ENABLE_MODULES = YES;
				CLANG_ENABLE_OBJC_ARC = YES;
				CLANG_ENABLE_OBJC_WEAK = YES;
				CLANG_WARN_BLOCK_CAPTURE_AUTORELEASING = YES;
				CLANG_WARN_BOOL_CONVERSION = YES;
				CLANG_WARN_COMMA = YES;
				CLANG_WARN_CONSTANT_CONVERSION = YES;
				CLANG_WARN_DEPRECATED_OBJC_IMPLEMENTATIONS = YES;
				CLANG_WARN_DIRECT_OBJC_ISA_USAGE = YES_ERROR;
				CLANG_WARN_DOCUMENTATION_COMMENTS = YES;
				CLANG_WARN_EMPTY_BODY = YES;
				CLANG_WARN_ENUM_CONVERSION = YES;
				CLANG_WARN_INFINITE_RECURSION = YES;
				CLANG_WARN_INT_CONVERSION = YES;
				CLANG_WARN_NON_LITERAL_NULL_CONVERSION = YES;
				CLANG_WARN_OBJC_IMPLICIT_RETAIN_SELF = YES;
				CLANG_WARN_OBJC_LITERAL_CONVERSION = YES;
				CLANG_WARN_OBJC_ROOT_CLASS = YES_ERROR;
				CLANG_WARN_QUOTED_INCLUDE_IN_FRAMEWORK_HEADER = YES;
				CLANG_WARN_RANGE_LOOP_ANALYSIS = YES;
				CLANG_WARN_STRICT_PROTOTYPES = YES;
				CLANG_WARN_SUSPICIOUS_MOVE = YES;
				CLANG_WARN_UNGUARDED_AVAILABILITY = YES_AGGRESSIVE;
				CLANG_WARN_UNREACHABLE_CODE = YES;
				CLANG_WARN__DUPLICATE_METHOD_MATCH = YES;
				COPY_PHASE_STRIP = NO;
				DEBUG_INFORMATION_FORMAT = dwarf;
				ENABLE_STRICT_OBJC_MSGSEND = YES;
				ENABLE_TESTABILITY = YES;
				GCC_C_LANGUAGE_STANDARD = gnu11;
				GCC_DYNAMIC_NO_PIC = NO;
				GCC_NO_COMMON_BLOCKS = YES;
				GCC_OPTIMIZATION_LEVEL = 0;
				GCC_PREPROCESSOR_DEFINITIONS = (
					"DEBUG=1",
					"$(inherited)",
				);
				GCC_WARN_64_TO_32_BIT_CONVERSION = YES;
				GCC_WARN_ABOUT_RETURN_TYPE = YES_ERROR;
				GCC_WARN_UNDECLARED_SELECTOR = YES;
				GCC_WARN_UNINITIALIZED_AUTOS = YES_AGGRESSIVE;
				GCC_WARN_UNUSED_FUNCTION = YES;
				GCC_WARN_UNUSED_VARIABLE = YES;
				IPHONEOS_DEPLOYMENT_TARGET = 15.5;
				MTL_ENABLE_DEBUG_INFO = INCLUDE_SOURCE;
				MTL_FAST_MATH = YES;
				ONLY_ACTIVE_ARCH = YES;
				SDKROOT = iphoneos;
				SWIFT_ACTIVE_COMPILATION_CONDITIONS = DEBUG;
				SWIFT_OPTIMIZATION_LEVEL = "-Onone";
			};
			name = Debug;
		};
		CE3AE680286DD2A6007EC0F0 /* Release */ = {
			isa = XCBuildConfiguration;
			buildSettings = {
				ALWAYS_SEARCH_USER_PATHS = NO;
				CLANG_ANALYZER_NONNULL = YES;
				CLANG_ANALYZER_NUMBER_OBJECT_CONVERSION = YES_AGGRESSIVE;
				CLANG_CXX_LANGUAGE_STANDARD = "gnu++17";
				CLANG_ENABLE_MODULES = YES;
				CLANG_ENABLE_OBJC_ARC = YES;
				CLANG_ENABLE_OBJC_WEAK = YES;
				CLANG_WARN_BLOCK_CAPTURE_AUTORELEASING = YES;
				CLANG_WARN_BOOL_CONVERSION = YES;
				CLANG_WARN_COMMA = YES;
				CLANG_WARN_CONSTANT_CONVERSION = YES;
				CLANG_WARN_DEPRECATED_OBJC_IMPLEMENTATIONS = YES;
				CLANG_WARN_DIRECT_OBJC_ISA_USAGE = YES_ERROR;
				CLANG_WARN_DOCUMENTATION_COMMENTS = YES;
				CLANG_WARN_EMPTY_BODY = YES;
				CLANG_WARN_ENUM_CONVERSION = YES;
				CLANG_WARN_INFINITE_RECURSION = YES;
				CLANG_WARN_INT_CONVERSION = YES;
				CLANG_WARN_NON_LITERAL_NULL_CONVERSION = YES;
				CLANG_WARN_OBJC_IMPLICIT_RETAIN_SELF = YES;
				CLANG_WARN_OBJC_LITERAL_CONVERSION = YES;
				CLANG_WARN_OBJC_ROOT_CLASS = YES_ERROR;
				CLANG_WARN_QUOTED_INCLUDE_IN_FRAMEWORK_HEADER = YES;
				CLANG_WARN_RANGE_LOOP_ANALYSIS = YES;
				CLANG_WARN_STRICT_PROTOTYPES = YES;
				CLANG_WARN_SUSPICIOUS_MOVE = YES;
				CLANG_WARN_UNGUARDED_AVAILABILITY = YES_AGGRESSIVE;
				CLANG_WARN_UNREACHABLE_CODE = YES;
				CLANG_WARN__DUPLICATE_METHOD_MATCH = YES;
				COPY_PHASE_STRIP = NO;
				DEBUG_INFORMATION_FORMAT = "dwarf-with-dsym";
				ENABLE_NS_ASSERTIONS = NO;
				ENABLE_STRICT_OBJC_MSGSEND = YES;
				GCC_C_LANGUAGE_STANDARD = gnu11;
				GCC_NO_COMMON_BLOCKS = YES;
				GCC_WARN_64_TO_32_BIT_CONVERSION = YES;
				GCC_WARN_ABOUT_RETURN_TYPE = YES_ERROR;
				GCC_WARN_UNDECLARED_SELECTOR = YES;
				GCC_WARN_UNINITIALIZED_AUTOS = YES_AGGRESSIVE;
				GCC_WARN_UNUSED_FUNCTION = YES;
				GCC_WARN_UNUSED_VARIABLE = YES;
				IPHONEOS_DEPLOYMENT_TARGET = 15.5;
				MTL_ENABLE_DEBUG_INFO = NO;
				MTL_FAST_MATH = YES;
				SDKROOT = iphoneos;
				SWIFT_COMPILATION_MODE = wholemodule;
				SWIFT_OPTIMIZATION_LEVEL = "-O";
				VALIDATE_PRODUCT = YES;
			};
			name = Release;
		};
		CE3AE682286DD2A6007EC0F0 /* Debug */ = {
			isa = XCBuildConfiguration;
			baseConfigurationReference = 4E606E3EAA0E7CEE5E2D5B87 /* Pods-TestSqlDatabase.debug.xcconfig */;
			buildSettings = {
				ASSETCATALOG_COMPILER_APPICON_NAME = AppIcon;
				ASSETCATALOG_COMPILER_GLOBAL_ACCENT_COLOR_NAME = AccentColor;
				CODE_SIGN_STYLE = Automatic;
				CURRENT_PROJECT_VERSION = 1;
				DEVELOPMENT_ASSET_PATHS = "\"TestSqlDatabase/Preview Content\"";
				ENABLE_PREVIEWS = YES;
				GENERATE_INFOPLIST_FILE = YES;
				INFOPLIST_KEY_UIApplicationSceneManifest_Generation = YES;
				INFOPLIST_KEY_UIApplicationSupportsIndirectInputEvents = YES;
				INFOPLIST_KEY_UILaunchScreen_Generation = YES;
				INFOPLIST_KEY_UISupportedInterfaceOrientations_iPad = "UIInterfaceOrientationPortrait UIInterfaceOrientationPortraitUpsideDown UIInterfaceOrientationLandscapeLeft UIInterfaceOrientationLandscapeRight";
				INFOPLIST_KEY_UISupportedInterfaceOrientations_iPhone = "UIInterfaceOrientationPortrait UIInterfaceOrientationLandscapeLeft UIInterfaceOrientationLandscapeRight";
				LD_RUNPATH_SEARCH_PATHS = (
					"$(inherited)",
					"@executable_path/Frameworks",
				);
				MARKETING_VERSION = 1.0;
				PRODUCT_BUNDLE_IDENTIFIER = it.paolo.TestSqlDatabase;
				PRODUCT_NAME = "$(TARGET_NAME)";
				SWIFT_EMIT_LOC_STRINGS = YES;
				SWIFT_VERSION = 5.0;
				TARGETED_DEVICE_FAMILY = "1,2";
			};
			name = Debug;
		};
		CE3AE683286DD2A6007EC0F0 /* Release */ = {
			isa = XCBuildConfiguration;
			baseConfigurationReference = 4FC20E283916D044CE74FE79 /* Pods-TestSqlDatabase.release.xcconfig */;
			buildSettings = {
				ASSETCATALOG_COMPILER_APPICON_NAME = AppIcon;
				ASSETCATALOG_COMPILER_GLOBAL_ACCENT_COLOR_NAME = AccentColor;
				CODE_SIGN_STYLE = Automatic;
				CURRENT_PROJECT_VERSION = 1;
				DEVELOPMENT_ASSET_PATHS = "\"TestSqlDatabase/Preview Content\"";
				ENABLE_PREVIEWS = YES;
				GENERATE_INFOPLIST_FILE = YES;
				INFOPLIST_KEY_UIApplicationSceneManifest_Generation = YES;
				INFOPLIST_KEY_UIApplicationSupportsIndirectInputEvents = YES;
				INFOPLIST_KEY_UILaunchScreen_Generation = YES;
				INFOPLIST_KEY_UISupportedInterfaceOrientations_iPad = "UIInterfaceOrientationPortrait UIInterfaceOrientationPortraitUpsideDown UIInterfaceOrientationLandscapeLeft UIInterfaceOrientationLandscapeRight";
				INFOPLIST_KEY_UISupportedInterfaceOrientations_iPhone = "UIInterfaceOrientationPortrait UIInterfaceOrientationLandscapeLeft UIInterfaceOrientationLandscapeRight";
				LD_RUNPATH_SEARCH_PATHS = (
					"$(inherited)",
					"@executable_path/Frameworks",
				);
				MARKETING_VERSION = 1.0;
				PRODUCT_BUNDLE_IDENTIFIER = it.paolo.TestSqlDatabase;
				PRODUCT_NAME = "$(TARGET_NAME)";
				SWIFT_EMIT_LOC_STRINGS = YES;
				SWIFT_VERSION = 5.0;
				TARGETED_DEVICE_FAMILY = "1,2";
			};
			name = Release;
		};
/* End XCBuildConfiguration section */

/* Begin XCConfigurationList section */
		CE3AE66E286DD29F007EC0F0 /* Build configuration list for PBXProject "TestSqlDatabase" */ = {
			isa = XCConfigurationList;
			buildConfigurations = (
				CE3AE67F286DD2A6007EC0F0 /* Debug */,
				CE3AE680286DD2A6007EC0F0 /* Release */,
			);
			defaultConfigurationIsVisible = 0;
			defaultConfigurationName = Release;
		};
		CE3AE681286DD2A6007EC0F0 /* Build configuration list for PBXNativeTarget "TestSqlDatabase" */ = {
			isa = XCConfigurationList;
			buildConfigurations = (
				CE3AE682286DD2A6007EC0F0 /* Debug */,
				CE3AE683286DD2A6007EC0F0 /* Release */,
			);
			defaultConfigurationIsVisible = 0;
			defaultConfigurationName = Release;
		};
/* End XCConfigurationList section */
	};
	rootObject = CE3AE66B286DD29F007EC0F0 /* Project object */;
}
